
Microsoft Visual Studio Solution File, Format Version 12.00
# Visual Studio Version 16
VisualStudioVersion = 16.0.31205.134
MinimumVisualStudioVersion = 10.0.40219.1
Project("{FAE04EC0-301F-11D3-BF4B-00C04F79EFBC}") = "SistemKasirOOPBased", "SistemKasirOOPBased\SistemKasirOOPBased.csproj", "{BEA4DB3F-56AD-4253-A685-571BC4B836FA}"
EndProject
Global
	GlobalSection(SolutionConfigurationPlatforms) = preSolution
		Debug|Any CPU = Debug|Any CPU
		Release|Any CPU = Release|Any CPU
	EndGlobalSection
	GlobalSection(ProjectConfigurationPlatforms) = postSolution
		{BEA4DB3F-56AD-4253-A685-571BC4B836FA}.Debug|Any CPU.ActiveCfg = Debug|Any CPU
		{BEA4DB3F-56AD-4253-A685-571BC4B836FA}.Debug|Any CPU.Build.0 = Debug|Any CPU
		{BEA4DB3F-56AD-4253-A685-571BC4B836FA}.Release|Any CPU.ActiveCfg = Release|Any CPU
		{BEA4DB3F-56AD-4253-A685-571BC4B836FA}.Release|Any CPU.Build.0 = Release|Any CPU
	EndGlobalSection
	GlobalSection(SolutionProperties) = preSolution
		HideSolutionNode = FALSE
	EndGlobalSection
	GlobalSection(ExtensibilityGlobals) = postSolution
		SolutionGuid = {CCE6DEDB-8164-49AD-9717-5E5B030E3647}
	EndGlobalSection
EndGlobal
